{
  "name": "@nbfc/shared",
  "version": "1.0.0",
  "lockfileVersion": 1,
  "requires": true,
  "dependencies": {
    "dompurify": {
      "version": "2.3.4",
      "resolved": "https://registry.npmjs.org/dompurify/-/dompurify-2.3.4.tgz",
      "integrity": "sha512-6BVcgOAVFXjI0JTjEvZy901Rghm+7fDQOrNIcxB4+gdhj6Kwp6T9VBhBY/AbagKHJocRkDYGd6wvI+p4/10xtQ=="
    },
    "marked": {
      "version": "2.1.3",
      "resolved": "https://registry.npmjs.org/marked/-/marked-2.1.3.tgz",
      "integrity": "sha512-/Q+7MGzaETqifOMWYEA7HVMaZb4XbcRfaOzcSsHZEith83KGlvaSG33u0SKu89Mj5h+T8V2hM+8O45Qc5XTgwA=="
    },
    "slug": {
      "version": "5.1.1",
      "resolved": "https://registry.npmjs.org/slug/-/slug-5.1.1.tgz",
      "integrity": "sha512-QPbRRFNK6AMY4ubNCZ/2Wx/JnLO7YQnjEOgA4ptgcyMzL4SjnwkRVp1Kkp7cigF2eP2FNVAhRjBeRkd6wWZzbg=="
    },
    "valid-url": {
      "version": "1.0.9",
      "resolved": "https://registry.npmjs.org/valid-url/-/valid-url-1.0.9.tgz",
      "integrity": "sha1-HBRHm0DxOXp1eC8RXkCGRHQzogA="
    }
  }
}
